
Microsoft Visual Studio Solution File, Format Version 12.00
Project("{FAE04EC0-301F-11D3-BF4B-00C04F79EFBC}") = "DlnaRenderer.test", "DlnaRenderer.test\DlnaRenderer.test.csproj", "{FC0E4D7C-6565-4908-8D89-73FEF47C11D5}"
EndProject
Project("{FAE04EC0-301F-11D3-BF4B-00C04F79EFBC}") = "DlnaRenderer", "DlnaRenderer\DlnaRenderer.csproj", "{B07FF227-D402-499F-879B-C55A42DA3B93}"
EndProject
Global
	GlobalSection(SolutionConfigurationPlatforms) = preSolution
		Debug|Any CPU = Debug|Any CPU
		Release|Any CPU = Release|Any CPU
	EndGlobalSection
	GlobalSection(ProjectConfigurationPlatforms) = postSolution
		{FC0E4D7C-6565-4908-8D89-73FEF47C11D5}.Debug|Any CPU.ActiveCfg = Debug|Any CPU
		{FC0E4D7C-6565-4908-8D89-73FEF47C11D5}.Debug|Any CPU.Build.0 = Debug|Any CPU
		{FC0E4D7C-6565-4908-8D89-73FEF47C11D5}.Release|Any CPU.ActiveCfg = Release|Any CPU
		{FC0E4D7C-6565-4908-8D89-73FEF47C11D5}.Release|Any CPU.Build.0 = Release|Any CPU
		{B07FF227-D402-499F-879B-C55A42DA3B93}.Debug|Any CPU.ActiveCfg = Debug|Any CPU
		{B07FF227-D402-499F-879B-C55A42DA3B93}.Debug|Any CPU.Build.0 = Debug|Any CPU
		{B07FF227-D402-499F-879B-C55A42DA3B93}.Release|Any CPU.ActiveCfg = Release|Any CPU
		{B07FF227-D402-499F-879B-C55A42DA3B93}.Release|Any CPU.Build.0 = Release|Any CPU
	EndGlobalSection
EndGlobal
